# THIS IS AN AUTOGENERATED FILE. DO NOT EDIT THIS FILE DIRECTLY.
# yarn lockfile v1


nodemailer@^6.4.5:
  version "6.4.5"
  resolved "https://registry.npmjs.org/nodemailer/-/nodemailer-6.4.5.tgz#45614c6454d1a947242105eeddae03df87e29916"
  integrity sha512-NH7aNVQyZLAvGr2+EOto7znvz+qJ02Cb/xpou98ApUt5tEAUSVUxhvHvgV/8I5dhjKTYqUw0nasoKzLNBJKrDQ==
